
Microsoft Visual Studio Solution File, Format Version 11.00
# Visual Studio 2010
Project("{FAE04EC0-301F-11D3-BF4B-00C04F79EFBC}") = "Log4NetTemplates", "Log4Net\Log4NetTemplates.csproj", "{58364B1D-BBF1-456E-984A-B18931816792}"
EndProject
Project("{2150E333-8FDC-42A3-9474-1A3956D46DE8}") = "Solution Items", "Solution Items", "{E0D1E45C-DDC7-40C2-9BDF-585D777B530D}"
EndProject
Global
	GlobalSection(TestCaseManagementSettings) = postSolution
		CategoryFile = DevelopersTools.vsmdi
	EndGlobalSection
	GlobalSection(SolutionConfigurationPlatforms) = preSolution
		Debug|Any CPU = Debug|Any CPU
		Debug|Mixed Platforms = Debug|Mixed Platforms
		Debug|x86 = Debug|x86
		Release|Any CPU = Release|Any CPU
		Release|Mixed Platforms = Release|Mixed Platforms
		Release|x86 = Release|x86
	EndGlobalSection
	GlobalSection(ProjectConfigurationPlatforms) = postSolution
		{58364B1D-BBF1-456E-984A-B18931816792}.Debug|Any CPU.ActiveCfg = Debug|x86
		{58364B1D-BBF1-456E-984A-B18931816792}.Debug|Mixed Platforms.ActiveCfg = Debug|x86
		{58364B1D-BBF1-456E-984A-B18931816792}.Debug|Mixed Platforms.Build.0 = Debug|x86
		{58364B1D-BBF1-456E-984A-B18931816792}.Debug|x86.ActiveCfg = Debug|x86
		{58364B1D-BBF1-456E-984A-B18931816792}.Debug|x86.Build.0 = Debug|x86
		{58364B1D-BBF1-456E-984A-B18931816792}.Release|Any CPU.ActiveCfg = Release|x86
		{58364B1D-BBF1-456E-984A-B18931816792}.Release|Mixed Platforms.ActiveCfg = Release|x86
		{58364B1D-BBF1-456E-984A-B18931816792}.Release|Mixed Platforms.Build.0 = Release|x86
		{58364B1D-BBF1-456E-984A-B18931816792}.Release|x86.ActiveCfg = Release|x86
		{58364B1D-BBF1-456E-984A-B18931816792}.Release|x86.Build.0 = Release|x86
	EndGlobalSection
	GlobalSection(SolutionProperties) = preSolution
		HideSolutionNode = FALSE
	EndGlobalSection
EndGlobal
